
Microsoft Visual Studio Solution File, Format Version 12.00
# Visual Studio 2013
VisualStudioVersion = 12.0.21005.1
MinimumVisualStudioVersion = 10.0.40219.1
Project("{FAE04EC0-301F-11D3-BF4B-00C04F79EFBC}") = "VDT", "VDT\VDT.csproj", "{0901A5FC-4C45-4A28-9709-D455CB6BA6E4}"
EndProject
Global
	GlobalSection(SolutionConfigurationPlatforms) = preSolution
		Debug|Any CPU = Debug|Any CPU
		Release|Any CPU = Release|Any CPU
	EndGlobalSection
	GlobalSection(ProjectConfigurationPlatforms) = postSolution
		{0901A5FC-4C45-4A28-9709-D455CB6BA6E4}.Debug|Any CPU.ActiveCfg = Debug|Any CPU
		{0901A5FC-4C45-4A28-9709-D455CB6BA6E4}.Debug|Any CPU.Build.0 = Debug|Any CPU
		{0901A5FC-4C45-4A28-9709-D455CB6BA6E4}.Release|Any CPU.ActiveCfg = Release|Any CPU
		{0901A5FC-4C45-4A28-9709-D455CB6BA6E4}.Release|Any CPU.Build.0 = Release|Any CPU
	EndGlobalSection
	GlobalSection(SolutionProperties) = preSolution
		HideSolutionNode = FALSE
	EndGlobalSection
EndGlobal
